
Microsoft Visual Studio Solution File, Format Version 12.00
# Visual Studio Version 16
VisualStudioVersion = 16.0.31112.23
MinimumVisualStudioVersion = 10.0.40219.1
Project("{FAE04EC0-301F-11D3-BF4B-00C04F79EFBC}") = "ManagerKT3", "ManagerKT3.csproj", "{5A39FDCD-AA51-439A-848C-476B106DD08D}"
EndProject
Global
	GlobalSection(SolutionConfigurationPlatforms) = preSolution
		Debug|Any CPU = Debug|Any CPU
		Release|Any CPU = Release|Any CPU
	EndGlobalSection
	GlobalSection(ProjectConfigurationPlatforms) = postSolution
		{5A39FDCD-AA51-439A-848C-476B106DD08D}.Debug|Any CPU.ActiveCfg = Debug|Any CPU
		{5A39FDCD-AA51-439A-848C-476B106DD08D}.Debug|Any CPU.Build.0 = Debug|Any CPU
		{5A39FDCD-AA51-439A-848C-476B106DD08D}.Release|Any CPU.ActiveCfg = Release|Any CPU
		{5A39FDCD-AA51-439A-848C-476B106DD08D}.Release|Any CPU.Build.0 = Release|Any CPU
	EndGlobalSection
	GlobalSection(SolutionProperties) = preSolution
		HideSolutionNode = FALSE
	EndGlobalSection
	GlobalSection(ExtensibilityGlobals) = postSolution
		SolutionGuid = {2261070F-A9D7-40F1-8E4A-398D63FA5BA5}
	EndGlobalSection
EndGlobal
